schema: '2.0'
stages:
  prepare_data:
    cmd: python src/prepare_data.py
    deps:
    - path: src/config.py
      hash: md5
      md5: 62fc54093bb34698d7744464f8140b89
      size: 1886
    - path: src/prepare_data.py
      hash: md5
      md5: 07fbaef796fc32501824fb21a6790198
      size: 1090
    params:
      params.yaml:
        data:
          dataset_name: yelp_review_full
          train_size: 5000
          eval_size: 5000
          seed: 42
          output_path: data/restaurant_ds
    outs:
    - path: data/restaurant_ds
      hash: md5
      md5: 17bbc720de04a11a408fc36e025f6cf6.dir
      size: 11542197
      nfiles: 7
  tokenizer:
    cmd: python src/tokenizer.py
    deps:
    - path: src/config.py
      hash: md5
      md5: 62fc54093bb34698d7744464f8140b89
      size: 1886
    - path: src/prepare_data.py
      hash: md5
      md5: 07fbaef796fc32501824fb21a6790198
      size: 1090
    - path: src/tokenizer.py
      hash: md5
      md5: 5cabadd8dc41bcd291434824545110d8
      size: 988
    params:
      params.yaml:
        tokenizer:
          data_path: data/restaurant_ds
          model_checkpoint: distilbert-base-uncased
          padding: max_length
          truncation: true
          max_length: 128
          batch_size: 128
          output_path: data/tokenized_ds
          tokenizer_saved_path: results/final_tokenizer
    outs:
    - path: data/tokenized_ds
      hash: md5
      md5: 330081044c54d57d111330246f5dd420.dir
      size: 19347215
      nfiles: 7
    - path: results/final_tokenizer
      hash: md5
      md5: 47db1276997c1109233a2eddf2e0beca.dir
      size: 712012
      nfiles: 2
  train:
    cmd: python src/train.py
    deps:
    - path: data/tokenized_ds
      hash: md5
      md5: 330081044c54d57d111330246f5dd420.dir
      size: 19347215
      nfiles: 7
    - path: results/final_tokenizer
      hash: md5
      md5: 47db1276997c1109233a2eddf2e0beca.dir
      size: 712012
      nfiles: 2
    - path: src/config.py
      hash: md5
      md5: 62fc54093bb34698d7744464f8140b89
      size: 1886
    - path: src/train.py
      hash: md5
      md5: 932f6636fc43a188873f449f10859dc0
      size: 1873
    params:
      params.yaml:
        train:
          model_checkpoint: distilbert-base-uncased
          num_labels: 5
          data_path: data/tokenized_ds
          output_dir: results
          eval_strategy: epoch
          save_strategy: epoch
          learning_rate: 3e-05
          per_device_train_batch_size: 128
          per_device_eval_batch_size: 128
          num_train_epochs: 4
          weight_decay: 0.01
          logging_dir: logs
          logging_steps: 10
          save_steps: 500
          load_best_model_at_end: true
          model_saved_path: results/final_model
          metrics_saved_path: results/metrics
    outs:
    - path: results/final_model
      hash: md5
      md5: 22e2b5c9c61dccf6b29c102d83cfa0e2.dir
      size: 267842689
      nfiles: 2
    - path: results/metrics/metrics.json
      hash: md5
      md5: 6c169f6553c9870be9873b921d19baab
      size: 140
  evaluate:
    cmd: python src/evaluate.py
    deps:
    - path: results/final_model
      hash: md5
      md5: 22e2b5c9c61dccf6b29c102d83cfa0e2.dir
      size: 267842689
      nfiles: 2
    - path: results/final_tokenizer
      hash: md5
      md5: 47db1276997c1109233a2eddf2e0beca.dir
      size: 712012
      nfiles: 2
    - path: src/evaluate.py
      hash: md5
      md5: 0a7b9000b76daf4952e0460cb40c3b7a
      size: 1515
