schema: '2.0'
stages:
  prepare_data:
    cmd: python src/prepare_data.py
    deps:
    - path: src/config.py
      hash: md5
      md5: 62fc54093bb34698d7744464f8140b89
      size: 1886
    - path: src/prepare_data.py
      hash: md5
      md5: 7d54da4e6b38165eda359200d779974e
      size: 1786
    params:
      params.yaml:
        data:
          dataset_name: yelp_review_full
          train_size: 30000
          eval_size: 5000
          seed: 42
          output_path: data/restaurant_ds
    outs:
    - path: data/restaurant_ds
      hash: md5
      md5: ad171df114b2fd4b019eddade129c02e.dir
      size: 8347877
      nfiles: 7
  tokenizer:
    cmd: python src/tokenizer.py
    deps:
    - path: src/config.py
      hash: md5
      md5: 62fc54093bb34698d7744464f8140b89
      size: 1886
    - path: src/prepare_data.py
      hash: md5
      md5: 7d54da4e6b38165eda359200d779974e
      size: 1786
    - path: src/tokenizer.py
      hash: md5
      md5: 5cabadd8dc41bcd291434824545110d8
      size: 988
    params:
      params.yaml:
        tokenizer:
          data_path: data/restaurant_ds
          model_checkpoint: distilbert-base-uncased
          padding: max_length
          truncation: true
          max_length: 512
          batch_size: 128
          output_path: data/tokenized_ds
          tokenizer_saved_path: results/final_tokenizer
    outs:
    - path: data/tokenized_ds
      hash: md5
      md5: a9e8085b01727d9a158bbd0313a340c3.dir
      size: 84328831
      nfiles: 7
    - path: results/final_tokenizer
      hash: md5
      md5: b6749e34b2a8bcbeec41b79a5ea0c3fb.dir
      size: 712012
      nfiles: 2
  train:
    cmd: python src/train.py
    deps:
    - path: data/tokenized_ds
      hash: md5
      md5: a9e8085b01727d9a158bbd0313a340c3.dir
      size: 84328831
      nfiles: 7
    - path: results/final_tokenizer
      hash: md5
      md5: b6749e34b2a8bcbeec41b79a5ea0c3fb.dir
      size: 712012
      nfiles: 2
    - path: src/config.py
      hash: md5
      md5: 62fc54093bb34698d7744464f8140b89
      size: 1886
    - path: src/train.py
      hash: md5
      md5: 932f6636fc43a188873f449f10859dc0
      size: 1873
    params:
      params.yaml:
        train:
          model_checkpoint: distilbert-base-uncased
          num_labels: 5
          data_path: data/tokenized_ds
          output_dir: results
          eval_strategy: epoch
          save_strategy: epoch
          learning_rate: 0.0001
          per_device_train_batch_size: 32
          per_device_eval_batch_size: 32
          num_train_epochs: 5
          weight_decay: 0.01
          logging_dir: logs
          logging_steps: 10
          save_steps: 500
          load_best_model_at_end: true
          model_saved_path: results/final_model
          metrics_saved_path: results/metrics
    outs:
    - path: results/final_model
      hash: md5
      md5: 8df102da1e4b5bee9a311beca6f43275.dir
      size: 267842689
      nfiles: 2
    - path: results/metrics/metrics.json
      hash: md5
      md5: 67bf0f7ea4a2ed585275f33260cc34c6
      size: 138
  evaluate:
    cmd: python src/evaluate.py
    deps:
    - path: results/final_model
      hash: md5
      md5: 8df102da1e4b5bee9a311beca6f43275.dir
      size: 267842689
      nfiles: 2
    - path: results/final_tokenizer
      hash: md5
      md5: b6749e34b2a8bcbeec41b79a5ea0c3fb.dir
      size: 712012
      nfiles: 2
    - path: src/evaluate.py
      hash: md5
      md5: bd4b16072d4bdcdaf2b6c56715b03c6f
      size: 2520
    outs:
    - path: results/metrics.json
      hash: md5
      md5: f46ab386595c05af22f727f9f36af1b8
      size: 38
